
Microsoft Visual Studio Solution File, Format Version 12.00
# Visual Studio 15
VisualStudioVersion = 15.0.26430.12
MinimumVisualStudioVersion = 10.0.40219.1
Project("{FAE04EC0-301F-11D3-BF4B-00C04F79EFBC}") = "HelloWorld", "HelloWorld\HelloWorld.csproj", "{8CA5BBD0-679D-4AA3-B344-EA4DEC71B320}"
EndProject
Project("{FAE04EC0-301F-11D3-BF4B-00C04F79EFBC}") = "Bye", "Bye\Bye.csproj", "{B93EA275-4CB7-4ECE-BB4A-3897D55CF007}"
EndProject
Global
	GlobalSection(SolutionConfigurationPlatforms) = preSolution
		Debug|Any CPU = Debug|Any CPU
		Release|Any CPU = Release|Any CPU
	EndGlobalSection
	GlobalSection(ProjectConfigurationPlatforms) = postSolution
		{8CA5BBD0-679D-4AA3-B344-EA4DEC71B320}.Debug|Any CPU.ActiveCfg = Debug|Any CPU
		{8CA5BBD0-679D-4AA3-B344-EA4DEC71B320}.Debug|Any CPU.Build.0 = Debug|Any CPU
		{8CA5BBD0-679D-4AA3-B344-EA4DEC71B320}.Release|Any CPU.ActiveCfg = Release|Any CPU
		{8CA5BBD0-679D-4AA3-B344-EA4DEC71B320}.Release|Any CPU.Build.0 = Release|Any CPU
		{B93EA275-4CB7-4ECE-BB4A-3897D55CF007}.Debug|Any CPU.ActiveCfg = Debug|Any CPU
		{B93EA275-4CB7-4ECE-BB4A-3897D55CF007}.Debug|Any CPU.Build.0 = Debug|Any CPU
		{B93EA275-4CB7-4ECE-BB4A-3897D55CF007}.Release|Any CPU.ActiveCfg = Release|Any CPU
		{B93EA275-4CB7-4ECE-BB4A-3897D55CF007}.Release|Any CPU.Build.0 = Release|Any CPU
	EndGlobalSection
	GlobalSection(SolutionProperties) = preSolution
		HideSolutionNode = FALSE
	EndGlobalSection
EndGlobal
